// !$*UTF8*$!
{
	archiveVersion = 1;
	classes = {
	};
	objectVersion = 48;
	objects = {

/* Begin PBXBuildFile section */
		68D4BF8C21210B4800E4CE09 /* AppDelegate.swift in Sources */ = {isa = PBXBuildFile; fileRef = 68D4BF8B21210B4800E4CE09 /* AppDelegate.swift */; };
		68D4BF8E21210B4800E4CE09 /* ViewController.swift in Sources */ = {isa = PBXBuildFile; fileRef = 68D4BF8D21210B4800E4CE09 /* ViewController.swift */; };
		68D4BF9121210B4800E4CE09 /* Main.storyboard in Resources */ = {isa = PBXBuildFile; fileRef = 68D4BF8F21210B4800E4CE09 /* Main.storyboard */; };
		68D4BF9321210B4800E4CE09 /* Assets.xcassets in Resources */ = {isa = PBXBuildFile; fileRef = 68D4BF9221210B4800E4CE09 /* Assets.xcassets */; };
		68D4BF9621210B4900E4CE09 /* LaunchScreen.storyboard in Resources */ = {isa = PBXBuildFile; fileRef = 68D4BF9421210B4900E4CE09 /* LaunchScreen.storyboard */; };
		68D4BFA121210B4900E4CE09 /* DisneyFriendsTests.swift in Sources */ = {isa = PBXBuildFile; fileRef = 68D4BFA021210B4900E4CE09 /* DisneyFriendsTests.swift */; };
		68D4BFAC21210B4900E4CE09 /* DisneyFriendsUITests.swift in Sources */ = {isa = PBXBuildFile; fileRef = 68D4BFAB21210B4900E4CE09 /* DisneyFriendsUITests.swift */; };
/* End PBXBuildFile section */

/* Begin PBXContainerItemProxy section */
		68D4BF9D21210B4900E4CE09 /* PBXContainerItemProxy */ = {
			isa = PBXContainerItemProxy;
			containerPortal = 68D4BF8021210B4800E4CE09 /* Project object */;
			proxyType = 1;
			remoteGlobalIDString = 68D4BF8721210B4800E4CE09;
			remoteInfo = DisneyFriends;
		};
		68D4BFA821210B4900E4CE09 /* PBXContainerItemProxy */ = {
			isa = PBXContainerItemProxy;
			containerPortal = 68D4BF8021210B4800E4CE09 /* Project object */;
			proxyType = 1;
			remoteGlobalIDString = 68D4BF8721210B4800E4CE09;
			remoteInfo = DisneyFriends;
		};
/* End PBXContainerItemProxy section */

/* Begin PBXFileReference section */
		68D4BF8821210B4800E4CE09 /* DisneyFriends.app */ = {isa = PBXFileReference; explicitFileType = wrapper.application; includeInIndex = 0; path = DisneyFriends.app; sourceTree = BUILT_PRODUCTS_DIR; };
		68D4BF8B21210B4800E4CE09 /* AppDelegate.swift */ = {isa = PBXFileReference; lastKnownFileType = sourcecode.swift; path = AppDelegate.swift; sourceTree = "<group>"; };
		68D4BF8D21210B4800E4CE09 /* ViewController.swift */ = {isa = PBXFileReference; lastKnownFileType = sourcecode.swift; path = ViewController.swift; sourceTree = "<group>"; };
		68D4BF9021210B4800E4CE09 /* Base */ = {isa = PBXFileReference; lastKnownFileType = file.storyboard; name = Base; path = Base.lproj/Main.storyboard; sourceTree = "<group>"; };
		68D4BF9221210B4800E4CE09 /* Assets.xcassets */ = {isa = PBXFileReference; lastKnownFileType = folder.assetcatalog; path = Assets.xcassets; sourceTree = "<group>"; };
		68D4BF9521210B4900E4CE09 /* Base */ = {isa = PBXFileReference; lastKnownFileType = file.storyboard; name = Base; path = Base.lproj/LaunchScreen.storyboard; sourceTree = "<group>"; };
		68D4BF9721210B4900E4CE09 /* Info.plist */ = {isa = PBXFileReference; lastKnownFileType = text.plist.xml; path = Info.plist; sourceTree = "<group>"; };
		68D4BF9C21210B4900E4CE09 /* DisneyFriendsTests.xctest */ = {isa = PBXFileReference; explicitFileType = wrapper.cfbundle; includeInIndex = 0; path = DisneyFriendsTests.xctest; sourceTree = BUILT_PRODUCTS_DIR; };
		68D4BFA021210B4900E4CE09 /* DisneyFriendsTests.swift */ = {isa = PBXFileReference; lastKnownFileType = sourcecode.swift; path = DisneyFriendsTests.swift; sourceTree = "<group>"; };
		68D4BFA221210B4900E4CE09 /* Info.plist */ = {isa = PBXFileReference; lastKnownFileType = text.plist.xml; path = Info.plist; sourceTree = "<group>"; };
		68D4BFA721210B4900E4CE09 /* DisneyFriendsUITests.xctest */ = {isa = PBXFileReference; explicitFileType = wrapper.cfbundle; includeInIndex = 0; path = DisneyFriendsUITests.xctest; sourceTree = BUILT_PRODUCTS_DIR; };
		68D4BFAB21210B4900E4CE09 /* DisneyFriendsUITests.swift */ = {isa = PBXFileReference; lastKnownFileType = sourcecode.swift; path = DisneyFriendsUITests.swift; sourceTree = "<group>"; };
		68D4BFAD21210B4900E4CE09 /* Info.plist */ = {isa = PBXFileReference; lastKnownFileType = text.plist.xml; path = Info.plist; sourceTree = "<group>"; };
/* End PBXFileReference section */

/* Begin PBXFrameworksBuildPhase section */
		68D4BF8521210B4800E4CE09 /* Frameworks */ = {
			isa = PBXFrameworksBuildPhase;
			buildActionMask = 2147483647;
			files = (
			);
			runOnlyForDeploymentPostprocessing = 0;
		};
		68D4BF9921210B4900E4CE09 /* Frameworks */ = {
			isa = PBXFrameworksBuildPhase;
			buildActionMask = 2147483647;
			files = (
			);
			runOnlyForDeploymentPostprocessing = 0;
		};
		68D4BFA421210B4900E4CE09 /* Frameworks */ = {
			isa = PBXFrameworksBuildPhase;
			buildActionMask = 2147483647;
			files = (
			);
			runOnlyForDeploymentPostprocessing = 0;
		};
/* End PBXFrameworksBuildPhase section */

/* Begin PBXGroup section */
		68D4BF7F21210B4800E4CE09 = {
			isa = PBXGroup;
			children = (
				68D4BF8A21210B4800E4CE09 /* DisneyFriends */,
				68D4BF9F21210B4900E4CE09 /* DisneyFriendsTests */,
				68D4BFAA21210B4900E4CE09 /* DisneyFriendsUITests */,
				68D4BF8921210B4800E4CE09 /* Products */,
			);
			sourceTree = "<group>";
		};
		68D4BF8921210B4800E4CE09 /* Products */ = {
			isa = PBXGroup;
			children = (
				68D4BF8821210B4800E4CE09 /* DisneyFriends.app */,
				68D4BF9C21210B4900E4CE09 /* DisneyFriendsTests.xctest */,
				68D4BFA721210B4900E4CE09 /* DisneyFriendsUITests.xctest */,
			);
			name = Products;
			sourceTree = "<group>";
		};
		68D4BF8A21210B4800E4CE09 /* DisneyFriends */ = {
			isa = PBXGroup;
			children = (
				68D4BF8B21210B4800E4CE09 /* AppDelegate.swift */,
				68D4BF8D21210B4800E4CE09 /* ViewController.swift */,
				68D4BF8F21210B4800E4CE09 /* Main.storyboard */,
				68D4BF9221210B4800E4CE09 /* Assets.xcassets */,
				68D4BF9421210B4900E4CE09 /* LaunchScreen.storyboard */,
				68D4BF9721210B4900E4CE09 /* Info.plist */,
			);
			path = DisneyFriends;
			sourceTree = "<group>";
		};
		68D4BF9F21210B4900E4CE09 /* DisneyFriendsTests */ = {
			isa = PBXGroup;
			children = (
				68D4BFA021210B4900E4CE09 /* DisneyFriendsTests.swift */,
				68D4BFA221210B4900E4CE09 /* Info.plist */,
			);
			path = DisneyFriendsTests;
			sourceTree = "<group>";
		};
		68D4BFAA21210B4900E4CE09 /* DisneyFriendsUITests */ = {
			isa = PBXGroup;
			children = (
				68D4BFAB21210B4900E4CE09 /* DisneyFriendsUITests.swift */,
				68D4BFAD21210B4900E4CE09 /* Info.plist */,
			);
			path = DisneyFriendsUITests;
			sourceTree = "<group>";
		};
/* End PBXGroup section */

/* Begin PBXNativeTarget section */
		68D4BF8721210B4800E4CE09 /* DisneyFriends */ = {
			isa = PBXNativeTarget;
			buildConfigurationList = 68D4BFB021210B4900E4CE09 /* Build configuration list for PBXNativeTarget "DisneyFriends" */;
			buildPhases = (
				68D4BF8421210B4800E4CE09 /* Sources */,
				68D4BF8521210B4800E4CE09 /* Frameworks */,
				68D4BF8621210B4800E4CE09 /* Resources */,
			);
			buildRules = (
			);
			dependencies = (
			);
			name = DisneyFriends;
			productName = DisneyFriends;
			productReference = 68D4BF8821210B4800E4CE09 /* DisneyFriends.app */;
			productType = "com.apple.product-type.application";
		};
		68D4BF9B21210B4900E4CE09 /* DisneyFriendsTests */ = {
			isa = PBXNativeTarget;
			buildConfigurationList = 68D4BFB321210B4900E4CE09 /* Build configuration list for PBXNativeTarget "DisneyFriendsTests" */;
			buildPhases = (
				68D4BF9821210B4900E4CE09 /* Sources */,
				68D4BF9921210B4900E4CE09 /* Frameworks */,
				68D4BF9A21210B4900E4CE09 /* Resources */,
			);
			buildRules = (
			);
			dependencies = (
				68D4BF9E21210B4900E4CE09 /* PBXTargetDependency */,
			);
			name = DisneyFriendsTests;
			productName = DisneyFriendsTests;
			productReference = 68D4BF9C21210B4900E4CE09 /* DisneyFriendsTests.xctest */;
			productType = "com.apple.product-type.bundle.unit-test";
		};
		68D4BFA621210B4900E4CE09 /* DisneyFriendsUITests */ = {
			isa = PBXNativeTarget;
			buildConfigurationList = 68D4BFB621210B4900E4CE09 /* Build configuration list for PBXNativeTarget "DisneyFriendsUITests" */;
			buildPhases = (
				68D4BFA321210B4900E4CE09 /* Sources */,
				68D4BFA421210B4900E4CE09 /* Frameworks */,
				68D4BFA521210B4900E4CE09 /* Resources */,
			);
			buildRules = (
			);
			dependencies = (
				68D4BFA921210B4900E4CE09 /* PBXTargetDependency */,
			);
			name = DisneyFriendsUITests;
			productName = DisneyFriendsUITests;
			productReference = 68D4BFA721210B4900E4CE09 /* DisneyFriendsUITests.xctest */;
			productType = "com.apple.product-type.bundle.ui-testing";
		};
/* End PBXNativeTarget section */

/* Begin PBXProject section */
		68D4BF8021210B4800E4CE09 /* Project object */ = {
			isa = PBXProject;
			attributes = {
				LastSwiftUpdateCheck = 0920;
				LastUpgradeCheck = 0920;
				ORGANIZATIONNAME = Garrett;
				TargetAttributes = {
					68D4BF8721210B4800E4CE09 = {
						CreatedOnToolsVersion = 9.2;
						ProvisioningStyle = Automatic;
					};
					68D4BF9B21210B4900E4CE09 = {
						CreatedOnToolsVersion = 9.2;
						ProvisioningStyle = Automatic;
						TestTargetID = 68D4BF8721210B4800E4CE09;
					};
					68D4BFA621210B4900E4CE09 = {
						CreatedOnToolsVersion = 9.2;
						ProvisioningStyle = Automatic;
						TestTargetID = 68D4BF8721210B4800E4CE09;
					};
				};
			};
			buildConfigurationList = 68D4BF8321210B4800E4CE09 /* Build configuration list for PBXProject "DisneyFriends" */;
			compatibilityVersion = "Xcode 8.0";
			developmentRegion = en;
			hasScannedForEncodings = 0;
			knownRegions = (
				en,
				Base,
			);
			mainGroup = 68D4BF7F21210B4800E4CE09;
			productRefGroup = 68D4BF8921210B4800E4CE09 /* Products */;
			projectDirPath = "";
			projectRoot = "";
			targets = (
				68D4BF8721210B4800E4CE09 /* DisneyFriends */,
				68D4BF9B21210B4900E4CE09 /* DisneyFriendsTests */,
				68D4BFA621210B4900E4CE09 /* DisneyFriendsUITests */,
			);
		};
/* End PBXProject section */

/* Begin PBXResourcesBuildPhase section */
		68D4BF8621210B4800E4CE09 /* Resources */ = {
			isa = PBXResourcesBuildPhase;
			buildActionMask = 2147483647;
			files = (
				68D4BF9621210B4900E4CE09 /* LaunchScreen.storyboard in Resources */,
				68D4BF9321210B4800E4CE09 /* Assets.xcassets in Resources */,
				68D4BF9121210B4800E4CE09 /* Main.storyboard in Resources */,
			);
			runOnlyForDeploymentPostprocessing = 0;
		};
		68D4BF9A21210B4900E4CE09 /* Resources */ = {
			isa = PBXResourcesBuildPhase;
			buildActionMask = 2147483647;
			files = (
			);
			runOnlyForDeploymentPostprocessing = 0;
		};
		68D4BFA521210B4900E4CE09 /* Resources */ = {
			isa = PBXResourcesBuildPhase;
			buildActionMask = 2147483647;
			files = (
			);
			runOnlyForDeploymentPostprocessing = 0;
		};
/* End PBXResourcesBuildPhase section */

/* Begin PBXSourcesBuildPhase section */
		68D4BF8421210B4800E4CE09 /* Sources */ = {
			isa = PBXSourcesBuildPhase;
			buildActionMask = 2147483647;
			files = (
				68D4BF8E21210B4800E4CE09 /* ViewController.swift in Sources */,
				68D4BF8C21210B4800E4CE09 /* AppDelegate.swift in Sources */,
			);
			runOnlyForDeploymentPostprocessing = 0;
		};
		68D4BF9821210B4900E4CE09 /* Sources */ = {
			isa = PBXSourcesBuildPhase;
			buildActionMask = 2147483647;
			files = (
				68D4BFA121210B4900E4CE09 /* DisneyFriendsTests.swift in Sources */,
			);
			runOnlyForDeploymentPostprocessing = 0;
		};
		68D4BFA321210B4900E4CE09 /* Sources */ = {
			isa = PBXSourcesBuildPhase;
			buildActionMask = 2147483647;
			files = (
				68D4BFAC21210B4900E4CE09 /* DisneyFriendsUITests.swift in Sources */,
			);
			runOnlyForDeploymentPostprocessing = 0;
		};
/* End PBXSourcesBuildPhase section */

/* Begin PBXTargetDependency section */
		68D4BF9E21210B4900E4CE09 /* PBXTargetDependency */ = {
			isa = PBXTargetDependency;
			target = 68D4BF8721210B4800E4CE09 /* DisneyFriends */;
			targetProxy = 68D4BF9D21210B4900E4CE09 /* PBXContainerItemProxy */;
		};
		68D4BFA921210B4900E4CE09 /* PBXTargetDependency */ = {
			isa = PBXTargetDependency;
			target = 68D4BF8721210B4800E4CE09 /* DisneyFriends */;
			targetProxy = 68D4BFA821210B4900E4CE09 /* PBXContainerItemProxy */;
		};
/* End PBXTargetDependency section */

/* Begin PBXVariantGroup section */
		68D4BF8F21210B4800E4CE09 /* Main.storyboard */ = {
			isa = PBXVariantGroup;
			children = (
				68D4BF9021210B4800E4CE09 /* Base */,
			);
			name = Main.storyboard;
			sourceTree = "<group>";
		};
		68D4BF9421210B4900E4CE09 /* LaunchScreen.storyboard */ = {
			isa = PBXVariantGroup;
			children = (
				68D4BF9521210B4900E4CE09 /* Base */,
			);
			name = LaunchScreen.storyboard;
			sourceTree = "<group>";
		};
/* End PBXVariantGroup section */

/* Begin XCBuildConfiguration section */
		68D4BFAE21210B4900E4CE09 /* Debug */ = {
			isa = XCBuildConfiguration;
			buildSettings = {
				ALWAYS_SEARCH_USER_PATHS = NO;
				CLANG_ANALYZER_NONNULL = YES;
				CLANG_ANALYZER_NUMBER_OBJECT_CONVERSION = YES_AGGRESSIVE;
				CLANG_CXX_LANGUAGE_STANDARD = "gnu++14";
				CLANG_CXX_LIBRARY = "libc++";
				CLANG_ENABLE_MODULES = YES;
				CLANG_ENABLE_OBJC_ARC = YES;
				CLANG_WARN_BLOCK_CAPTURE_AUTORELEASING = YES;
				CLANG_WARN_BOOL_CONVERSION = YES;
				CLANG_WARN_COMMA = YES;
				CLANG_WARN_CONSTANT_CONVERSION = YES;
				CLANG_WARN_DIRECT_OBJC_ISA_USAGE = YES_ERROR;
				CLANG_WARN_DOCUMENTATION_COMMENTS = YES;
				CLANG_WARN_EMPTY_BODY = YES;
				CLANG_WARN_ENUM_CONVERSION = YES;
				CLANG_WARN_INFINITE_RECURSION = YES;
				CLANG_WARN_INT_CONVERSION = YES;
				CLANG_WARN_NON_LITERAL_NULL_CONVERSION = YES;
				CLANG_WARN_OBJC_LITERAL_CONVERSION = YES;
				CLANG_WARN_OBJC_ROOT_CLASS = YES_ERROR;
				CLANG_WARN_RANGE_LOOP_ANALYSIS = YES;
				CLANG_WARN_STRICT_PROTOTYPES = YES;
				CLANG_WARN_SUSPICIOUS_MOVE = YES;
				CLANG_WARN_UNGUARDED_AVAILABILITY = YES_AGGRESSIVE;
				CLANG_WARN_UNREACHABLE_CODE = YES;
				CLANG_WARN__DUPLICATE_METHOD_MATCH = YES;
				CODE_SIGN_IDENTITY = "iPhone Developer";
				COPY_PHASE_STRIP = NO;
				DEBUG_INFORMATION_FORMAT = dwarf;
				ENABLE_STRICT_OBJC_MSGSEND = YES;
				ENABLE_TESTABILITY = YES;
				GCC_C_LANGUAGE_STANDARD = gnu11;
				GCC_DYNAMIC_NO_PIC = NO;
				GCC_NO_COMMON_BLOCKS = YES;
				GCC_OPTIMIZATION_LEVEL = 0;
				GCC_PREPROCESSOR_DEFINITIONS = (
					"DEBUG=1",
					"$(inherited)",
				);
				GCC_WARN_64_TO_32_BIT_CONVERSION = YES;
				GCC_WARN_ABOUT_RETURN_TYPE = YES_ERROR;
				GCC_WARN_UNDECLARED_SELECTOR = YES;
				GCC_WARN_UNINITIALIZED_AUTOS = YES_AGGRESSIVE;
				GCC_WARN_UNUSED_FUNCTION = YES;
				GCC_WARN_UNUSED_VARIABLE = YES;
				IPHONEOS_DEPLOYMENT_TARGET = 11.2;
				MTL_ENABLE_DEBUG_INFO = YES;
				ONLY_ACTIVE_ARCH = YES;
				SDKROOT = iphoneos;
				SWIFT_ACTIVE_COMPILATION_CONDITIONS = DEBUG;
				SWIFT_OPTIMIZATION_LEVEL = "-Onone";
			};
			name = Debug;
		};
		68D4BFAF21210B4900E4CE09 /* Release */ = {
			isa = XCBuildConfiguration;
			buildSettings = {
				ALWAYS_SEARCH_USER_PATHS = NO;
				CLANG_ANALYZER_NONNULL = YES;
				CLANG_ANALYZER_NUMBER_OBJECT_CONVERSION = YES_AGGRESSIVE;
				CLANG_CXX_LANGUAGE_STANDARD = "gnu++14";
				CLANG_CXX_LIBRARY = "libc++";
				CLANG_ENABLE_MODULES = YES;
				CLANG_ENABLE_OBJC_ARC = YES;
				CLANG_WARN_BLOCK_CAPTURE_AUTORELEASING = YES;
				CLANG_WARN_BOOL_CONVERSION = YES;
				CLANG_WARN_COMMA = YES;
				CLANG_WARN_CONSTANT_CONVERSION = YES;
				CLANG_WARN_DIRECT_OBJC_ISA_USAGE = YES_ERROR;
				CLANG_WARN_DOCUMENTATION_COMMENTS = YES;
				CLANG_WARN_EMPTY_BODY = YES;
				CLANG_WARN_ENUM_CONVERSION = YES;
				CLANG_WARN_INFINITE_RECURSION = YES;
				CLANG_WARN_INT_CONVERSION = YES;
				CLANG_WARN_NON_LITERAL_NULL_CONVERSION = YES;
				CLANG_WARN_OBJC_LITERAL_CONVERSION = YES;
				CLANG_WARN_OBJC_ROOT_CLASS = YES_ERROR;
				CLANG_WARN_RANGE_LOOP_ANALYSIS = YES;
				CLANG_WARN_STRICT_PROTOTYPES = YES;
				CLANG_WARN_SUSPICIOUS_MOVE = YES;
				CLANG_WARN_UNGUARDED_AVAILABILITY = YES_AGGRESSIVE;
				CLANG_WARN_UNREACHABLE_CODE = YES;
				CLANG_WARN__DUPLICATE_METHOD_MATCH = YES;
				CODE_SIGN_IDENTITY = "iPhone Developer";
				COPY_PHASE_STRIP = NO;
				DEBUG_INFORMATION_FORMAT = "dwarf-with-dsym";
				ENABLE_NS_ASSERTIONS = NO;
				ENABLE_STRICT_OBJC_MSGSEND = YES;
				GCC_C_LANGUAGE_STANDARD = gnu11;
				GCC_NO_COMMON_BLOCKS = YES;
				GCC_WARN_64_TO_32_BIT_CONVERSION = YES;
				GCC_WARN_ABOUT_RETURN_TYPE = YES_ERROR;
				GCC_WARN_UNDECLARED_SELECTOR = YES;
				GCC_WARN_UNINITIALIZED_AUTOS = YES_AGGRESSIVE;
				GCC_WARN_UNUSED_FUNCTION = YES;
				GCC_WARN_UNUSED_VARIABLE = YES;
				IPHONEOS_DEPLOYMENT_TARGET = 11.2;
				MTL_ENABLE_DEBUG_INFO = NO;
				SDKROOT = iphoneos;
				SWIFT_OPTIMIZATION_LEVEL = "-Owholemodule";
				VALIDATE_PRODUCT = YES;
			};
			name = Release;
		};
		68D4BFB121210B4900E4CE09 /* Debug */ = {
			isa = XCBuildConfiguration;
			buildSettings = {
				ASSETCATALOG_COMPILER_APPICON_NAME = AppIcon;
				CODE_SIGN_STYLE = Automatic;
				INFOPLIST_FILE = DisneyFriends/Info.plist;
				LD_RUNPATH_SEARCH_PATHS = "$(inherited) @executable_path/Frameworks";
				PRODUCT_BUNDLE_IDENTIFIER = Rett.DisneyFriends;
				PRODUCT_NAME = "$(TARGET_NAME)";
				SWIFT_VERSION = 4.0;
				TARGETED_DEVICE_FAMILY = "1,2";
			};
			name = Debug;
		};
		68D4BFB221210B4900E4CE09 /* Release */ = {
			isa = XCBuildConfiguration;
			buildSettings = {
				ASSETCATALOG_COMPILER_APPICON_NAME = AppIcon;
				CODE_SIGN_STYLE = Automatic;
				INFOPLIST_FILE = DisneyFriends/Info.plist;
				LD_RUNPATH_SEARCH_PATHS = "$(inherited) @executable_path/Frameworks";
				PRODUCT_BUNDLE_IDENTIFIER = Rett.DisneyFriends;
				PRODUCT_NAME = "$(TARGET_NAME)";
				SWIFT_VERSION = 4.0;
				TARGETED_DEVICE_FAMILY = "1,2";
			};
			name = Release;
		};
		68D4BFB421210B4900E4CE09 /* Debug */ = {
			isa = XCBuildConfiguration;
			buildSettings = {
				ALWAYS_EMBED_SWIFT_STANDARD_LIBRARIES = YES;
				BUNDLE_LOADER = "$(TEST_HOST)";
				CODE_SIGN_STYLE = Automatic;
				INFOPLIST_FILE = DisneyFriendsTests/Info.plist;
				LD_RUNPATH_SEARCH_PATHS = "$(inherited) @executable_path/Frameworks @loader_path/Frameworks";
				PRODUCT_BUNDLE_IDENTIFIER = Rett.DisneyFriendsTests;
				PRODUCT_NAME = "$(TARGET_NAME)";
				SWIFT_VERSION = 4.0;
				TARGETED_DEVICE_FAMILY = "1,2";
				TEST_HOST = "$(BUILT_PRODUCTS_DIR)/DisneyFriends.app/DisneyFriends";
			};
			name = Debug;
		};
		68D4BFB521210B4900E4CE09 /* Release */ = {
			isa = XCBuildConfiguration;
			buildSettings = {
				ALWAYS_EMBED_SWIFT_STANDARD_LIBRARIES = YES;
				BUNDLE_LOADER = "$(TEST_HOST)";
				CODE_SIGN_STYLE = Automatic;
				INFOPLIST_FILE = DisneyFriendsTests/Info.plist;
				LD_RUNPATH_SEARCH_PATHS = "$(inherited) @executable_path/Frameworks @loader_path/Frameworks";
				PRODUCT_BUNDLE_IDENTIFIER = Rett.DisneyFriendsTests;
				PRODUCT_NAME = "$(TARGET_NAME)";
				SWIFT_VERSION = 4.0;
				TARGETED_DEVICE_FAMILY = "1,2";
				TEST_HOST = "$(BUILT_PRODUCTS_DIR)/DisneyFriends.app/DisneyFriends";
			};
			name = Release;
		};
		68D4BFB721210B4900E4CE09 /* Debug */ = {
			isa = XCBuildConfiguration;
			buildSettings = {
				ALWAYS_EMBED_SWIFT_STANDARD_LIBRARIES = YES;
				CODE_SIGN_STYLE = Automatic;
				INFOPLIST_FILE = DisneyFriendsUITests/Info.plist;
				LD_RUNPATH_SEARCH_PATHS = "$(inherited) @executable_path/Frameworks @loader_path/Frameworks";
				PRODUCT_BUNDLE_IDENTIFIER = Rett.DisneyFriendsUITests;
				PRODUCT_NAME = "$(TARGET_NAME)";
				SWIFT_VERSION = 4.0;
				TARGETED_DEVICE_FAMILY = "1,2";
				TEST_TARGET_NAME = DisneyFriends;
			};
			name = Debug;
		};
		68D4BFB821210B4900E4CE09 /* Release */ = {
			isa = XCBuildConfiguration;
			buildSettings = {
				ALWAYS_EMBED_SWIFT_STANDARD_LIBRARIES = YES;
				CODE_SIGN_STYLE = Automatic;
				INFOPLIST_FILE = DisneyFriendsUITests/Info.plist;
				LD_RUNPATH_SEARCH_PATHS = "$(inherited) @executable_path/Frameworks @loader_path/Frameworks";
				PRODUCT_BUNDLE_IDENTIFIER = Rett.DisneyFriendsUITests;
				PRODUCT_NAME = "$(TARGET_NAME)";
				SWIFT_VERSION = 4.0;
				TARGETED_DEVICE_FAMILY = "1,2";
				TEST_TARGET_NAME = DisneyFriends;
			};
			name = Release;
		};
/* End XCBuildConfiguration section */

/* Begin XCConfigurationList section */
		68D4BF8321210B4800E4CE09 /* Build configuration list for PBXProject "DisneyFriends" */ = {
			isa = XCConfigurationList;
			buildConfigurations = (
				68D4BFAE21210B4900E4CE09 /* Debug */,
				68D4BFAF21210B4900E4CE09 /* Release */,
			);
			defaultConfigurationIsVisible = 0;
			defaultConfigurationName = Release;
		};
		68D4BFB021210B4900E4CE09 /* Build configuration list for PBXNativeTarget "DisneyFriends" */ = {
			isa = XCConfigurationList;
			buildConfigurations = (
				68D4BFB121210B4900E4CE09 /* Debug */,
				68D4BFB221210B4900E4CE09 /* Release */,
			);
			defaultConfigurationIsVisible = 0;
			defaultConfigurationName = Release;
		};
		68D4BFB321210B4900E4CE09 /* Build configuration list for PBXNativeTarget "DisneyFriendsTests" */ = {
			isa = XCConfigurationList;
			buildConfigurations = (
				68D4BFB421210B4900E4CE09 /* Debug */,
				68D4BFB521210B4900E4CE09 /* Release */,
			);
			defaultConfigurationIsVisible = 0;
			defaultConfigurationName = Release;
		};
		68D4BFB621210B4900E4CE09 /* Build configuration list for PBXNativeTarget "DisneyFriendsUITests" */ = {
			isa = XCConfigurationList;
			buildConfigurations = (
				68D4BFB721210B4900E4CE09 /* Debug */,
				68D4BFB821210B4900E4CE09 /* Release */,
			);
			defaultConfigurationIsVisible = 0;
			defaultConfigurationName = Release;
		};
/* End XCConfigurationList section */
	};
	rootObject = 68D4BF8021210B4800E4CE09 /* Project object */;
}
